<?xml version="1.0" encoding="UTF-8" standalone="yes" ?>
<CodeBlocks_project_file>
	<FileVersion major="1" minor="6" />
	<Project>
		<Option title="ProjetoFinal" />
		<Option pch_mode="2" />
		<Option compiler="gcc" />
		<Build>
			<Target title="Debug">
				<Option output="bin/Debug/ProjetoFinal" prefix_auto="1" extension_auto="1" />
				<Option object_output="obj/Debug/" />
				<Option type="1" />
				<Option compiler="gcc" />
				<Compiler>
					<Add option="-g" />
				</Compiler>
			</Target>
			<Target title="Release">
				<Option output="bin/Release/ProjetoFinal" prefix_auto="1" extension_auto="1" />
				<Option object_output="obj/Release/" />
				<Option type="1" />
				<Option compiler="gcc" />
				<Compiler>
					<Add option="-O2" />
				</Compiler>
				<Linker>
					<Add option="-s" />
				</Linker>
			</Target>
		</Build>
		<Compiler>
			<Add option="-Wall" />
			<Add option="-fexceptions" />
		</Compiler>
		<Unit filename="dominios/codigos/codigo.cpp" />
		<Unit filename="dominios/codigos/data.cpp" />
		<Unit filename="dominios/codigos/email.cpp" />
		<Unit filename="dominios/codigos/estado.cpp" />
		<Unit filename="dominios/codigos/nome.cpp" />
		<Unit filename="dominios/codigos/papel.cpp" />
		<Unit filename="dominios/codigos/prioridade.cpp" />
		<Unit filename="dominios/codigos/senha.cpp" />
		<Unit filename="dominios/codigos/tempo.cpp" />
		<Unit filename="dominios/codigos/texto.cpp" />
		<Unit filename="dominios/headers/codigo.hpp" />
		<Unit filename="dominios/headers/data.hpp" />
		<Unit filename="dominios/headers/email.hpp" />
		<Unit filename="dominios/headers/estado.hpp" />
		<Unit filename="dominios/headers/nome.hpp" />
		<Unit filename="dominios/headers/papel.hpp" />
		<Unit filename="dominios/headers/prioridade.hpp" />
		<Unit filename="dominios/headers/senha.hpp" />
		<Unit filename="dominios/headers/template_dominios.hpp" />
		<Unit filename="dominios/headers/tempo.hpp" />
		<Unit filename="dominios/headers/texto.hpp" />
		<Unit filename="entidades/codigos/Pessoa.cpp" />
		<Unit filename="entidades/codigos/Plano_Sprint.cpp" />
		<Unit filename="entidades/codigos/Projeto.cpp" />
		<Unit filename="entidades/codigos/historia_usuario.cpp" />
		<Unit filename="entidades/headers/Pessoa.hpp" />
		<Unit filename="entidades/headers/Plano_Sprint.hpp" />
		<Unit filename="entidades/headers/Projeto.hpp" />
		<Unit filename="entidades/headers/historia_usuario.hpp" />
		<Unit filename="main.cpp" />
		<Extensions />
	</Project>
</CodeBlocks_project_file>
